
Microsoft Visual Studio Solution File, Format Version 12.00
# Visual Studio Version 16
VisualStudioVersion = 16.0.30114.105
MinimumVisualStudioVersion = 10.0.40219.1
Project("{FAE04EC0-301F-11D3-BF4B-00C04F79EFBC}") = "ExpertsBlog.Entities", "ExpertsBlog.Entities\ExpertsBlog.Entities.csproj", "{E6D143C1-993A-4871-82C4-8052218C2241}"
EndProject
Project("{9344BDBB-3E7F-41FC-A0DD-8665D75EE146}") = "ExpertsBlog.Api", "ExpertsBlog.Api\ExpertsBlog.Api.csproj", "{5F388D09-37F3-45D0-8AD8-34020DA2AB36}"
EndProject
Project("{FAE04EC0-301F-11D3-BF4B-00C04F79EFBC}") = "ExpertsBlog.Mobile.Android", "ExpertsBlog.Mobile.Android\ExpertsBlog.Mobile.Android.csproj", "{DB218362-1B17-45C8-861E-FDC26AAB251A}"
EndProject
Project("{FAE04EC0-301F-11D3-BF4B-00C04F79EFBC}") = "ExpertsBlog.Mobile.iOS", "ExpertsBlog.Mobile.iOS\ExpertsBlog.Mobile.iOS.csproj", "{45E4ADAF-EF9F-4A15-92C1-D475039AA3A3}"
EndProject
Project("{FAE04EC0-301F-11D3-BF4B-00C04F79EFBC}") = "ExpertsBlog.Mobile", "ExpertsBlog.Mobile\ExpertsBlog.Mobile.csproj", "{4093195B-3399-4F24-9F43-E24F7E4B5663}"
EndProject
Global
	GlobalSection(SolutionConfigurationPlatforms) = preSolution
		Debug|Any CPU = Debug|Any CPU
		Release|Any CPU = Release|Any CPU
		Debug|iPhoneSimulator = Debug|iPhoneSimulator
		Release|iPhoneSimulator = Release|iPhoneSimulator
		Debug|iPhone = Debug|iPhone
		Release|iPhone = Release|iPhone
	EndGlobalSection
	GlobalSection(SolutionProperties) = preSolution
		HideSolutionNode = FALSE
	EndGlobalSection
	GlobalSection(ProjectConfigurationPlatforms) = postSolution
		{E6D143C1-993A-4871-82C4-8052218C2241}.Debug|Any CPU.ActiveCfg = Debug|Any CPU
		{E6D143C1-993A-4871-82C4-8052218C2241}.Debug|Any CPU.Build.0 = Debug|Any CPU
		{E6D143C1-993A-4871-82C4-8052218C2241}.Release|Any CPU.ActiveCfg = Release|Any CPU
		{E6D143C1-993A-4871-82C4-8052218C2241}.Release|Any CPU.Build.0 = Release|Any CPU
		{E6D143C1-993A-4871-82C4-8052218C2241}.Debug|iPhoneSimulator.ActiveCfg = Debug|Any CPU
		{E6D143C1-993A-4871-82C4-8052218C2241}.Debug|iPhoneSimulator.Build.0 = Debug|Any CPU
		{E6D143C1-993A-4871-82C4-8052218C2241}.Release|iPhoneSimulator.ActiveCfg = Release|Any CPU
		{E6D143C1-993A-4871-82C4-8052218C2241}.Release|iPhoneSimulator.Build.0 = Release|Any CPU
		{E6D143C1-993A-4871-82C4-8052218C2241}.Debug|iPhone.ActiveCfg = Debug|Any CPU
		{E6D143C1-993A-4871-82C4-8052218C2241}.Debug|iPhone.Build.0 = Debug|Any CPU
		{E6D143C1-993A-4871-82C4-8052218C2241}.Release|iPhone.ActiveCfg = Release|Any CPU
		{E6D143C1-993A-4871-82C4-8052218C2241}.Release|iPhone.Build.0 = Release|Any CPU
		{4653D153-25B0-4038-9C29-F748C551BED1}.Debug|Any CPU.ActiveCfg = Debug|Any CPU
		{4653D153-25B0-4038-9C29-F748C551BED1}.Debug|Any CPU.Build.0 = Debug|Any CPU
		{4653D153-25B0-4038-9C29-F748C551BED1}.Release|Any CPU.ActiveCfg = Release|Any CPU
		{4653D153-25B0-4038-9C29-F748C551BED1}.Release|Any CPU.Build.0 = Release|Any CPU
		{4653D153-25B0-4038-9C29-F748C551BED1}.Debug|iPhoneSimulator.ActiveCfg = Debug|Any CPU
		{4653D153-25B0-4038-9C29-F748C551BED1}.Debug|iPhoneSimulator.Build.0 = Debug|Any CPU
		{4653D153-25B0-4038-9C29-F748C551BED1}.Release|iPhoneSimulator.ActiveCfg = Release|Any CPU
		{4653D153-25B0-4038-9C29-F748C551BED1}.Release|iPhoneSimulator.Build.0 = Release|Any CPU
		{4653D153-25B0-4038-9C29-F748C551BED1}.Debug|iPhone.ActiveCfg = Debug|Any CPU
		{4653D153-25B0-4038-9C29-F748C551BED1}.Debug|iPhone.Build.0 = Debug|Any CPU
		{4653D153-25B0-4038-9C29-F748C551BED1}.Release|iPhone.ActiveCfg = Release|Any CPU
		{4653D153-25B0-4038-9C29-F748C551BED1}.Release|iPhone.Build.0 = Release|Any CPU
		{80A5A364-88AD-481C-BD0C-63A3511C1FF2}.Debug|Any CPU.ActiveCfg = Debug|iPhoneSimulator
		{80A5A364-88AD-481C-BD0C-63A3511C1FF2}.Debug|Any CPU.Build.0 = Debug|iPhoneSimulator
		{80A5A364-88AD-481C-BD0C-63A3511C1FF2}.Release|Any CPU.ActiveCfg = Release|iPhoneSimulator
		{80A5A364-88AD-481C-BD0C-63A3511C1FF2}.Release|Any CPU.Build.0 = Release|iPhoneSimulator
		{80A5A364-88AD-481C-BD0C-63A3511C1FF2}.Debug|iPhoneSimulator.ActiveCfg = Debug|iPhoneSimulator
		{80A5A364-88AD-481C-BD0C-63A3511C1FF2}.Debug|iPhoneSimulator.Build.0 = Debug|iPhoneSimulator
		{80A5A364-88AD-481C-BD0C-63A3511C1FF2}.Release|iPhoneSimulator.ActiveCfg = Release|iPhoneSimulator
		{80A5A364-88AD-481C-BD0C-63A3511C1FF2}.Release|iPhoneSimulator.Build.0 = Release|iPhoneSimulator
		{80A5A364-88AD-481C-BD0C-63A3511C1FF2}.Debug|iPhone.ActiveCfg = Debug|iPhone
		{80A5A364-88AD-481C-BD0C-63A3511C1FF2}.Debug|iPhone.Build.0 = Debug|iPhone
		{80A5A364-88AD-481C-BD0C-63A3511C1FF2}.Release|iPhone.ActiveCfg = Release|iPhone
		{80A5A364-88AD-481C-BD0C-63A3511C1FF2}.Release|iPhone.Build.0 = Release|iPhone
		{50024AEA-7988-4279-9453-449DFD165232}.Debug|Any CPU.ActiveCfg = Debug|Any CPU
		{50024AEA-7988-4279-9453-449DFD165232}.Debug|Any CPU.Build.0 = Debug|Any CPU
		{50024AEA-7988-4279-9453-449DFD165232}.Release|Any CPU.ActiveCfg = Release|Any CPU
		{50024AEA-7988-4279-9453-449DFD165232}.Release|Any CPU.Build.0 = Release|Any CPU
		{50024AEA-7988-4279-9453-449DFD165232}.Debug|iPhoneSimulator.ActiveCfg = Debug|Any CPU
		{50024AEA-7988-4279-9453-449DFD165232}.Debug|iPhoneSimulator.Build.0 = Debug|Any CPU
		{50024AEA-7988-4279-9453-449DFD165232}.Release|iPhoneSimulator.ActiveCfg = Release|Any CPU
		{50024AEA-7988-4279-9453-449DFD165232}.Release|iPhoneSimulator.Build.0 = Release|Any CPU
		{50024AEA-7988-4279-9453-449DFD165232}.Debug|iPhone.ActiveCfg = Debug|Any CPU
		{50024AEA-7988-4279-9453-449DFD165232}.Debug|iPhone.Build.0 = Debug|Any CPU
		{50024AEA-7988-4279-9453-449DFD165232}.Release|iPhone.ActiveCfg = Release|Any CPU
		{50024AEA-7988-4279-9453-449DFD165232}.Release|iPhone.Build.0 = Release|Any CPU
		{5F388D09-37F3-45D0-8AD8-34020DA2AB36}.Debug|Any CPU.ActiveCfg = Debug|Any CPU
		{5F388D09-37F3-45D0-8AD8-34020DA2AB36}.Debug|Any CPU.Build.0 = Debug|Any CPU
		{5F388D09-37F3-45D0-8AD8-34020DA2AB36}.Release|Any CPU.ActiveCfg = Release|Any CPU
		{5F388D09-37F3-45D0-8AD8-34020DA2AB36}.Release|Any CPU.Build.0 = Release|Any CPU
		{5F388D09-37F3-45D0-8AD8-34020DA2AB36}.Debug|iPhoneSimulator.ActiveCfg = Debug|Any CPU
		{5F388D09-37F3-45D0-8AD8-34020DA2AB36}.Debug|iPhoneSimulator.Build.0 = Debug|Any CPU
		{5F388D09-37F3-45D0-8AD8-34020DA2AB36}.Release|iPhoneSimulator.ActiveCfg = Release|Any CPU
		{5F388D09-37F3-45D0-8AD8-34020DA2AB36}.Release|iPhoneSimulator.Build.0 = Release|Any CPU
		{5F388D09-37F3-45D0-8AD8-34020DA2AB36}.Debug|iPhone.ActiveCfg = Debug|Any CPU
		{5F388D09-37F3-45D0-8AD8-34020DA2AB36}.Debug|iPhone.Build.0 = Debug|Any CPU
		{5F388D09-37F3-45D0-8AD8-34020DA2AB36}.Release|iPhone.ActiveCfg = Release|Any CPU
		{5F388D09-37F3-45D0-8AD8-34020DA2AB36}.Release|iPhone.Build.0 = Release|Any CPU
		{DB218362-1B17-45C8-861E-FDC26AAB251A}.Debug|Any CPU.ActiveCfg = Debug|Any CPU
		{DB218362-1B17-45C8-861E-FDC26AAB251A}.Debug|Any CPU.Build.0 = Debug|Any CPU
		{DB218362-1B17-45C8-861E-FDC26AAB251A}.Release|Any CPU.ActiveCfg = Release|Any CPU
		{DB218362-1B17-45C8-861E-FDC26AAB251A}.Release|Any CPU.Build.0 = Release|Any CPU
		{DB218362-1B17-45C8-861E-FDC26AAB251A}.Debug|iPhoneSimulator.ActiveCfg = Debug|Any CPU
		{DB218362-1B17-45C8-861E-FDC26AAB251A}.Debug|iPhoneSimulator.Build.0 = Debug|Any CPU
		{DB218362-1B17-45C8-861E-FDC26AAB251A}.Release|iPhoneSimulator.ActiveCfg = Release|Any CPU
		{DB218362-1B17-45C8-861E-FDC26AAB251A}.Release|iPhoneSimulator.Build.0 = Release|Any CPU
		{DB218362-1B17-45C8-861E-FDC26AAB251A}.Debug|iPhone.ActiveCfg = Debug|Any CPU
		{DB218362-1B17-45C8-861E-FDC26AAB251A}.Debug|iPhone.Build.0 = Debug|Any CPU
		{DB218362-1B17-45C8-861E-FDC26AAB251A}.Release|iPhone.ActiveCfg = Release|Any CPU
		{DB218362-1B17-45C8-861E-FDC26AAB251A}.Release|iPhone.Build.0 = Release|Any CPU
		{45E4ADAF-EF9F-4A15-92C1-D475039AA3A3}.Debug|Any CPU.ActiveCfg = Debug|iPhoneSimulator
		{45E4ADAF-EF9F-4A15-92C1-D475039AA3A3}.Debug|Any CPU.Build.0 = Debug|iPhoneSimulator
		{45E4ADAF-EF9F-4A15-92C1-D475039AA3A3}.Release|Any CPU.ActiveCfg = Release|iPhoneSimulator
		{45E4ADAF-EF9F-4A15-92C1-D475039AA3A3}.Release|Any CPU.Build.0 = Release|iPhoneSimulator
		{45E4ADAF-EF9F-4A15-92C1-D475039AA3A3}.Debug|iPhoneSimulator.ActiveCfg = Debug|iPhoneSimulator
		{45E4ADAF-EF9F-4A15-92C1-D475039AA3A3}.Debug|iPhoneSimulator.Build.0 = Debug|iPhoneSimulator
		{45E4ADAF-EF9F-4A15-92C1-D475039AA3A3}.Release|iPhoneSimulator.ActiveCfg = Release|iPhoneSimulator
		{45E4ADAF-EF9F-4A15-92C1-D475039AA3A3}.Release|iPhoneSimulator.Build.0 = Release|iPhoneSimulator
		{45E4ADAF-EF9F-4A15-92C1-D475039AA3A3}.Debug|iPhone.ActiveCfg = Debug|iPhone
		{45E4ADAF-EF9F-4A15-92C1-D475039AA3A3}.Debug|iPhone.Build.0 = Debug|iPhone
		{45E4ADAF-EF9F-4A15-92C1-D475039AA3A3}.Release|iPhone.ActiveCfg = Release|iPhone
		{45E4ADAF-EF9F-4A15-92C1-D475039AA3A3}.Release|iPhone.Build.0 = Release|iPhone
		{4093195B-3399-4F24-9F43-E24F7E4B5663}.Debug|Any CPU.ActiveCfg = Debug|Any CPU
		{4093195B-3399-4F24-9F43-E24F7E4B5663}.Debug|Any CPU.Build.0 = Debug|Any CPU
		{4093195B-3399-4F24-9F43-E24F7E4B5663}.Release|Any CPU.ActiveCfg = Release|Any CPU
		{4093195B-3399-4F24-9F43-E24F7E4B5663}.Release|Any CPU.Build.0 = Release|Any CPU
		{4093195B-3399-4F24-9F43-E24F7E4B5663}.Debug|iPhoneSimulator.ActiveCfg = Debug|Any CPU
		{4093195B-3399-4F24-9F43-E24F7E4B5663}.Debug|iPhoneSimulator.Build.0 = Debug|Any CPU
		{4093195B-3399-4F24-9F43-E24F7E4B5663}.Release|iPhoneSimulator.ActiveCfg = Release|Any CPU
		{4093195B-3399-4F24-9F43-E24F7E4B5663}.Release|iPhoneSimulator.Build.0 = Release|Any CPU
		{4093195B-3399-4F24-9F43-E24F7E4B5663}.Debug|iPhone.ActiveCfg = Debug|Any CPU
		{4093195B-3399-4F24-9F43-E24F7E4B5663}.Debug|iPhone.Build.0 = Debug|Any CPU
		{4093195B-3399-4F24-9F43-E24F7E4B5663}.Release|iPhone.ActiveCfg = Release|Any CPU
		{4093195B-3399-4F24-9F43-E24F7E4B5663}.Release|iPhone.Build.0 = Release|Any CPU
	EndGlobalSection
EndGlobal
